
Microsoft Visual Studio Solution File, Format Version 12.00
# Visual Studio Version 16
VisualStudioVersion = 16.0.30517.126
MinimumVisualStudioVersion = 10.0.40219.1
Project("{FAE04EC0-301F-11D3-BF4B-00C04F79EFBC}") = "Adressebok3DAA_21", "Adressebok3DAA_21\Adressebok3DAA_21.csproj", "{D75F2C20-6357-4909-BE11-0D598EB3B393}"
EndProject
Global
	GlobalSection(SolutionConfigurationPlatforms) = preSolution
		Debug|Any CPU = Debug|Any CPU
		Release|Any CPU = Release|Any CPU
	EndGlobalSection
	GlobalSection(ProjectConfigurationPlatforms) = postSolution
		{D75F2C20-6357-4909-BE11-0D598EB3B393}.Debug|Any CPU.ActiveCfg = Debug|Any CPU
		{D75F2C20-6357-4909-BE11-0D598EB3B393}.Debug|Any CPU.Build.0 = Debug|Any CPU
		{D75F2C20-6357-4909-BE11-0D598EB3B393}.Release|Any CPU.ActiveCfg = Release|Any CPU
		{D75F2C20-6357-4909-BE11-0D598EB3B393}.Release|Any CPU.Build.0 = Release|Any CPU
	EndGlobalSection
	GlobalSection(SolutionProperties) = preSolution
		HideSolutionNode = FALSE
	EndGlobalSection
	GlobalSection(ExtensibilityGlobals) = postSolution
		SolutionGuid = {95E03A21-7709-4595-83BB-779BA0D7F7BB}
	EndGlobalSection
EndGlobal
